filippo.io/edwards25519 v1.1.0 h1:FNf4tywRC1HmFuKW5xopWpigGjJKiJSV0Cqo0cJWDaA=
filippo.io/edwards25519 v1.1.0/go.mod h1:BxyFTGdWcka3PhytdK4V28tE5sGfRvvvRV7EaN4VDT4=
github.com/aws/aws-sdk-go-v2 v1.27.1 h1:xypCL2owhog46iFxBKKpBcw+bPTX/RJzwNj8uSilENw=
github.com/aws/aws-sdk-go-v2 v1.27.1/go.mod h1:ffIFB97e2yNsv4aTSGkqtHnppsIJzw7G7BReUZ3jCXM=
github.com/aws/aws-sdk-go-v2/config v1.27.17 h1:L0JZN7Gh7pT6u5CJReKsLhGKparqNKui+mcpxMXjDZc=
github.com/aws/aws-sdk-go-v2/config v1.27.17/go.mod h1:MzM3balLZeaafYcPz8IihAmam/aCz6niPQI0FdprxW0=
github.com/aws/aws-sdk-go-v2/credentials v1.17.17 h1:b3Dk9uxQByS9sc6r0sc2jmxsJKO75eOcb9nNEiaUBLM=
github.com/aws/aws-sdk-go-v2/credentials v1.17.17/go.mod h1:e4khg9iY08LnFK/HXQDWMf9GDaiMari7jWPnXvKAuBU=
github.com/aws/aws-sdk-go-v2/feature/ec2/imds v1.16.4 h1:0cSfTYYL9qiRcdi4Dvz+8s3JUgNR2qvbgZkXcwPEEEk=
github.com/aws/aws-sdk-go-v2/feature/ec2/imds v1.16.4/go.mod h1:Wjn5O9eS7uSi7vlPKt/v0MLTncANn9EMmoDvnzJli6o=
github.com/aws/aws-sdk-go-v2/internal/configsources v1.3.8 h1:RnLB7p6aaFMRfyQkD6ckxR7myCC9SABIqSz4czYUUbU=
github.com/aws/aws-sdk-go-v2/internal/configsources v1.3.8/go.mod h1:XH7dQJd+56wEbP1I4e4Duo+QhSMxNArE8VP7NuUOTeM=
github.com/aws/aws-sdk-go-v2/internal/endpoints/v2 v2.6.8 h1:jzApk2f58L9yW9q1GEab3BMMFWUkkiZhyrRUtbwUbKU=
github.com/aws/aws-sdk-go-v2/internal/endpoints/v2 v2.6.8/go.mod h1:WqO+FftfO3tGePUtQxPXM6iODVfqMwsVMgTbG/ZXIdQ=
github.com/aws/aws-sdk-go-v2/internal/ini v1.8.0 h1:hT8rVHwugYE2lEfdFE0QWVo81lF7jMrYJVDWI+f+VxU=
github.com/aws/aws-sdk-go-v2/internal/ini v1.8.0/go.mod h1:8tu/lYfQfFe6IGnaOdrpVgEL2IrrDOf6/m9RQum4NkY=
github.com/aws/aws-sdk-go-v2/service/internal/accept-encoding v1.11.2 h1:Ji0DY1xUsUr3I8cHps0G+XM3WWU16lP6yG8qu1GAZAs=
github.com/aws/aws-sdk-go-v2/service/internal/accept-encoding v1.11.2/go.mod h1:5CsjAbs3NlGQyZNFACh+zztPDI7fU6eW9QsxjfnuBKg=
github.com/aws/aws-sdk-go-v2/service/internal/presigned-url v1.11.10 h1:7kZqP7akv0enu6ykJhb9OYlw16oOrSy+Epus8o/VqMY=
github.com/aws/aws-sdk-go-v2/service/internal/presigned-url v1.11.10/go.mod h1:gYVF3nM1ApfTRDj9pvdhootBb8WbiIejuqn4w8ruMes=
github.com/aws/aws-sdk-go-v2/service/sesv2 v1.29.5 h1:TRQLLU2t4ftJInFxdaJznmgxRoGc3MmucfQjOCQLoFg=
github.com/aws/aws-sdk-go-v2/service/sesv2 v1.29.5/go.mod h1:illLUYpxYsuNYYAmUXNRmrPENgDTEpRChpO7cnIPHrs=
github.com/aws/aws-sdk-go-v2/service/sso v1.20.10 h1:ItKVmFwbyb/ZnCWf+nu3XBVmUirpO9eGEQd7urnBA0s=
github.com/aws/aws-sdk-go-v2/service/sso v1.20.10/go.mod h1:5XKooCTi9VB/xZmJDvh7uZ+v3uQ7QdX6diOyhvPA+/w=
github.com/aws/aws-sdk-go-v2/service/ssooidc v1.24.4 h1:QMSCYDg3Iyls0KZc/dk3JtS2c1lFfqbmYO10qBPPkJk=
github.com/aws/aws-sdk-go-v2/service/ssooidc v1.24.4/go.mod h1:MZ/PVYU/mRbmSF6WK3ybCYHjA2mig8utVokDEVLDgE0=
github.com/aws/aws-sdk-go-v2/service/sts v1.28.11 h1:HYS0csS7UJxdYRoG+bGgUYrSwVnV3/ece/wHm90TApM=
github.com/aws/aws-sdk-go-v2/service/sts v1.28.11/go.mod h1:QXnthRM35zI92048MMwfFChjFmoufTdhtHmouwNfhhU=
github.com/aws/smithy-go v1.20.2 h1:tbp628ireGtzcHDDmLT/6ADHidqnwgF57XOXZe6tp4Q=
github.com/aws/smithy-go v1.20.2/go.mod h1:krry+ya/rV9RDcV/Q16kpu6ypI4K2czasz0NC3qS14E=
github.com/bsm/ginkgo/v2 v2.12.0 h1:Ny8MWAHyOepLGlLKYmXG4IEkioBysk6GpaRTLC8zwWs=
github.com/bsm/ginkgo/v2 v2.12.0/go.mod h1:SwYbGRRDovPVboqFv0tPTcG1sN61LM1Z4ARdbAV9g4c=
github.com/bsm/gomega v1.27.10 h1:yeMWxP2pV2fG3FgAODIY8EiRE3dy0aeFYt4l7wh6yKA=
github.com/bsm/gomega v1.27.10/go.mod h1:JyEr/xRbxbtgWNi8tIEVPUYZ5Dzef52k01W3YH0H+O0=
github.com/bwmarrin/snowflake v0.3.0 h1:xm67bEhkKh6ij1790JB83OujPR5CzNe8QuQqAgISZN0=
github.com/bwmarrin/snowflake v0.3.0/go.mod h1:NdZxfVWX+oR6y2K0o6qAYv6gIOP9rjG0/E9WsDpxqwE=
github.com/cespare/xxhash/v2 v2.2.0 h1:DC2CZ1Ep5Y4k3ZQ899DldepgrayRUGE6BBZ/cd9Cj44=
github.com/cespare/xxhash/v2 v2.2.0/go.mod h1:VGX0DQ3Q6kWi7AoAeZDth3/j3BFtOZR5XLFGgcrjCOs=
github.com/davecgh/go-spew v1.1.1 h1:vj9j/u1bqnvCEfJOwUhtlOARqs3+rkHYY13jYWTU97c=
github.com/davecgh/go-spew v1.1.1/go.mod h1:J7Y8YcW2NihsgmVo/mv3lAwl/skON4iLHjSsI+c5H38=
github.com/dgryski/go-rendezvous v0.0.0-20200823014737-9f7001d12a5f h1:lO4WD4F/rVNCu3HqELle0jiPLLBs70cWOduZpkS1E78=
github.com/dgryski/go-rendezvous v0.0.0-20200823014737-9f7001d12a5f/go.mod h1:cuUVRXasLTGF7a8hSLbxyZXjz+1KgoB3wDUb6vlszIc=
github.com/go-chi/chi/v5 v5.0.12 h1:9euLV5sTrTNTRUU9POmDUvfxyj6LAABLUcEWO+JJb4s=
github.com/go-chi/chi/v5 v5.0.12/go.mod h1:DslCQbL2OYiznFReuXYUmQ2hGd1aDpCnlMNITLSKoi8=
github.com/go-sql-driver/mysql v1.8.1 h1:LedoTUt/eveggdHS9qUFC1EFSa8bU2+1pZjSRpvNJ1Y=
github.com/go-sql-driver/mysql v1.8.1/go.mod h1:wEBSXgmK//2ZFJyE+qWnIsVGmvmEKlqwuVSjsCm7DZg=
github.com/jinzhu/inflection v1.0.0 h1:K317FqzuhWc8YvSVlFMCCUb36O/S9MCKRDI7QkRKD/E=
github.com/jinzhu/inflection v1.0.0/go.mod h1:h+uFLlag+Qp1Va5pdKtLDYj+kHp5pxUVkryuEj+Srlc=
github.com/pmezard/go-difflib v1.0.0 h1:4DBwDE0NGyQoBHbLQYPwSUPoCMWR5BEzIk/f1lZbAQM=
github.com/pmezard/go-difflib v1.0.0/go.mod h1:iKH77koFhYxTK1pcRnkKkqfTogsbg7gZNVY4sRDYZ/4=
github.com/redis/go-redis/v9 v9.6.1 h1:HHDteefn6ZkTtY5fGUE8tj8uy85AHk6zP7CpzIAM0y4=
github.com/redis/go-redis/v9 v9.6.1/go.mod h1:0C0c6ycQsdpVNQpxb1njEQIqkx5UcsM8FJCQLgE9+RA=
github.com/stretchr/testify v1.8.1 h1:w7B6lhMri9wdJUVmEZPGGhZzrYTPvgJArz7wNPgYKsk=
github.com/stretchr/testify v1.8.1/go.mod h1:w2LPCIKwWwSfY2zedu0+kehJoqGctiVI29o6fzry7u4=
github.com/tmthrgd/go-hex v0.0.0-20190904060850-447a3041c3bc h1:9lRDQMhESg+zvGYmW5DyG0UqvY96Bu5QYsTLvCHdrgo=
github.com/tmthrgd/go-hex v0.0.0-20190904060850-447a3041c3bc/go.mod h1:bciPuU6GHm1iF1pBvUfxfsH0Wmnc2VbpgvbI9ZWuIRs=
github.com/uptrace/bun v1.2.1 h1:2ENAcfeCfaY5+2e7z5pXrzFKy3vS8VXvkCag6N2Yzfk=
github.com/uptrace/bun v1.2.1/go.mod h1:cNg+pWBUMmJ8rHnETgf65CEvn3aIKErrwOD6IA8e+Ec=
github.com/uptrace/bun/dialect/mysqldialect v1.2.1 h1:tapGyK0VMbpwtmfAZFG0s2GrjX77EduweWEdID2Yigk=
github.com/uptrace/bun/dialect/mysqldialect v1.2.1/go.mod h1:H4ekLaXSXo4TKOVfT9J/yhOvootl1vsBnyRyyUlRVoA=
github.com/urfave/negroni v1.0.0 h1:kIimOitoypq34K7TG7DUaJ9kq/N4Ofuwi1sjz0KipXc=
github.com/urfave/negroni v1.0.0/go.mod h1:Meg73S6kFm/4PpbYdq35yYWoCZ9mS/YSx+lKnmiohz4=
github.com/vmihailenco/msgpack/v5 v5.4.1 h1:cQriyiUvjTwOHg8QZaPihLWeRAAVoCpE00IUPn0Bjt8=
github.com/vmihailenco/msgpack/v5 v5.4.1/go.mod h1:GaZTsDaehaPpQVyxrf5mtQlH+pc21PIudVV/E3rRQok=
github.com/vmihailenco/tagparser/v2 v2.0.0 h1:y09buUbR+b5aycVFQs/g70pqKVZNBmxwAhO7/IwNM9g=
github.com/vmihailenco/tagparser/v2 v2.0.0/go.mod h1:Wri+At7QHww0WTrCBeu4J6bNtoV6mEfg5OIWRZA9qds=
golang.org/x/mod v0.16.0 h1:QX4fJ0Rr5cPQCF7O9lh9Se4pmwfwskqZfq5moyldzic=
golang.org/x/mod v0.16.0/go.mod h1:hTbmBsO62+eylJbnUtE2MGJUyE7QWk4xUqPFrRgJ+7c=
golang.org/x/sys v0.20.0 h1:Od9JTbYCk261bKm4M/mw7AklTlFYIa0bIp9BgSm1S8Y=
golang.org/x/sys v0.20.0/go.mod h1:/VUhepiaJMQUp4+oa/7Zr1D23ma6VTLIYjOOTFZPUcA=
golang.org/x/text v0.15.0 h1:h1V/4gjBv8v9cjcR6+AR5+/cIYK5N/WAgiv4xlsEtAk=
golang.org/x/text v0.15.0/go.mod h1:18ZOQIKpY8NJVqYksKHtTdi31H5itFRjB5/qKTNYzSU=
gopkg.in/yaml.v3 v3.0.1 h1:fxVm/GzAzEWqLHuvctI91KS9hhNmmWOoWu0XTYJS7CA=
gopkg.in/yaml.v3 v3.0.1/go.mod h1:K4uyk7z7BCEPqu6E+C64Yfv1cQ7kz7rIZviUmN+EgEM=
